{
  "name": "@angulartoolsdr/date-filter",
  "version": "18.2.0",
  "lockfileVersion": 3,
  "requires": true,
  "packages": {
    "": {
      "name": "@angulartoolsdr/date-filter",
      "version": "18.2.0",
      "hasInstallScript": true,
      "dependencies": {
        "@angular/animations": "^18.2.13",
        "@angular/forms": "^18.2.13",
        "@angular/platform-browser": "^18.2.13",
        "moment": "^2.30.1",
        "ngx-toastr": "^19.0.0",
        "tslib": "^2.3.0"
      },
      "devDependencies": {
        "npm-force-resolutions": "^0.0.10"
      },
      "peerDependencies": {
        "@angular/common": "^18.2.13",
        "@angular/core": "^18.2.13",
        "@angular/forms": "^18.2.13",
        "@angular/material": "^18.2.14",
        "@angulartoolsdr/control-material": "^18.2.0"
      }
    },
    "node_modules/rxjs": {
      "version": "7.8.1",
      "resolved": "https://registry.npmjs.org/rxjs/-/rxjs-7.8.1.tgz",
      "integrity": "sha512-AA3TVj+0A2iuIoQkWEK/tqFjBq2j+6PO6Y0zJcvzLAFhEFIO3HL0vls9hWLncZbAAbK0mar7oZ4V079I/qPMxg==",
      "peer": true,
      "dependencies": {
        "tslib": "^2.1.0"
      }
    },
    "node_modules/entities": {
      "version": "4.5.0",
      "resolved": "https://registry.npmjs.org/entities/-/entities-4.5.0.tgz",
      "integrity": "sha512-V0hjH4dGPh9Ao5p0MoRY6BVqtwCjhz6vI5LT8AJ55H+4g9/4vbHx1I54fS0XuclLhDHArPQCiMjDxjaL8fPxhw==",
      "optional": true,
      "peer": true,
      "engines": {
        "node": ">=0.12"
      },
      "funding": {
        "url": "https://github.com/fb55/entities?sponsor=1"
      }
    },
    "node_modules/@angular/animations": {
      "version": "18.2.13",
      "resolved": "https://registry.npmjs.org/@angular/animations/-/animations-18.2.13.tgz",
      "integrity": "sha512-rG5J5Ek5Hg+Tz2NjkNOaG6PupiNK/lPfophXpsR1t/nWujqnMWX2krahD/i6kgD+jNWNKCJCYSOVvCx/BHOtKA==",
      "dependencies": {
        "tslib": "^2.3.0"
      },
      "engines": {
        "node": "^18.19.1 || ^20.11.1 || >=22.0.0"
      },
      "peerDependencies": {
        "@angular/core": "18.2.13"
      }
    },
    "node_modules/@fortawesome/fontawesome-common-types": {
      "version": "6.7.1",
      "resolved": "https://npm.fontawesome.com/@fortawesome/fontawesome-common-types/-/6.7.1/fontawesome-common-types-6.7.1.tgz",
      "integrity": "sha512-gbDz3TwRrIPT3i0cDfujhshnXO9z03IT1UKRIVi/VEjpNHtSBIP2o5XSm+e816FzzCFEzAxPw09Z13n20PaQJQ==",
      "peer": true,
      "engines": {
        "node": ">=6"
      }
    },
    "node_modules/ngx-toastr": {
      "version": "19.0.0",
      "resolved": "https://registry.npmjs.org/ngx-toastr/-/ngx-toastr-19.0.0.tgz",
      "integrity": "sha512-6pTnktwwWD+kx342wuMOWB4+bkyX9221pAgGz3SHOJH0/MI9erLucS8PeeJDFwbUYyh75nQ6AzVtolgHxi52dQ==",
      "dependencies": {
        "tslib": "^2.3.0"
      },
      "peerDependencies": {
        "@angular/common": ">=16.0.0-0",
        "@angular/core": ">=16.0.0-0",
        "@angular/platform-browser": ">=16.0.0-0"
      }
    },
    "node_modules/source-map": {
      "version": "0.6.1",
      "resolved": "https://registry.npmjs.org/source-map/-/source-map-0.6.1.tgz",
      "integrity": "sha512-UjgapumWlbMhkBgzT7Ykc5YXUT46F0iKu8SGXq0bcwP5dz/h0Plj6enJqjz1Zbq2l5WaqYnrVbwWOWMyF3F47g==",
      "dev": true,
      "engines": {
        "node": ">=0.10.0"
      }
    },
    "node_modules/libphonenumber-js": {
      "version": "1.11.16",
      "resolved": "https://registry.npmjs.org/libphonenumber-js/-/libphonenumber-js-1.11.16.tgz",
      "integrity": "sha512-Noyazmt0yOvnG0OeRY45Cd1ur8G7Z0HWVkuCuKe+yysGNxPQwBAODBQQ40j0AIagi9ZWurfmmZWNlpg4h4W+XQ==",
      "peer": true
    },
    "node_modules/@angular/material-moment-adapter": {
      "version": "18.2.14",
      "resolved": "https://registry.npmjs.org/@angular/material-moment-adapter/-/material-moment-adapter-18.2.14.tgz",
      "integrity": "sha512-igICm+qQl/KeglU4LcCHgSaaoJR6RUlDzpCs2+kfLSnsvAy5Z0ZauW3pbIsCEIDb0zknBqos9d8x+pXg/bncCQ==",
      "peer": true,
      "dependencies": {
        "tslib": "^2.3.0"
      },
      "peerDependencies": {
        "@angular/core": "^18.0.0 || ^19.0.0",
        "@angular/material": "18.2.14",
        "moment": "^2.18.1"
      }
    },
    "node_modules/angular-imask": {
      "version": "7.6.1",
      "resolved": "https://registry.npmjs.org/angular-imask/-/angular-imask-7.6.1.tgz",
      "integrity": "sha512-RL56eHBMfo+15nLmlO/Y0Fb7eYwjc8CRl6mpUsiG7KxBQ9rsH8Va/wD6HhcYXjOuNYvGqM1aTDYAqayu1wp3Xw==",
      "peer": true,
      "dependencies": {
        "imask": "^7.6.1",
        "tslib": "^2.6.2"
      }
    },
    "node_modules/core-js-pure": {
      "version": "3.39.0",
      "resolved": "https://registry.npmjs.org/core-js-pure/-/core-js-pure-3.39.0.tgz",
      "integrity": "sha512-7fEcWwKI4rJinnK+wLTezeg2smbFFdSBP6E2kQZNbnzM2s1rpKQ6aaRteZSSg7FLU3P0HGGVo/gbpfanU36urg==",
      "hasInstallScript": true,
      "peer": true,
      "funding": {
        "type": "opencollective",
        "url": "https://opencollective.com/core-js"
      }
    },
    "node_modules/sweetalert2": {
      "version": "11.14.5",
      "resolved": "https://registry.npmjs.org/sweetalert2/-/sweetalert2-11.14.5.tgz",
      "integrity": "sha512-8MWk5uc/r6bWhiJWkUXyEuApfXAhSCZT8FFX7pZXL7YwaPxq+9Ynhi2dUzWkOFn9jvLjKj22CXuccZ+IHcnjvQ==",
      "peer": true,
      "funding": {
        "type": "individual",
        "url": "https://github.com/sponsors/limonte"
      }
    },
    "node_modules/json-format": {
      "version": "1.0.1",
      "resolved": "https://registry.npmjs.org/json-format/-/json-format-1.0.1.tgz",
      "integrity": "sha512-MoKIg/lBeQALqjYnqEanikfo3zBKRwclpXJexdF0FUniYAAN2ypEIXBEtpQb+9BkLFtDK1fyTLAsnGlyGfLGxw==",
      "dev": true
    },
    "node_modules/xmlhttprequest": {
      "version": "1.8.0",
      "resolved": "https://registry.npmjs.org/xmlhttprequest/-/xmlhttprequest-1.8.0.tgz",
      "integrity": "sha512-58Im/U0mlVBLM38NdZjHyhuMtCqa61469k2YP/AaPbvCoV9aQGUpbJBj1QRm2ytRiVQBD/fsw7L2bJGDVQswBA==",
      "dev": true,
      "engines": {
        "node": ">=0.4.0"
      }
    },
    "node_modules/zone.js": {
      "version": "0.14.10",
      "resolved": "https://registry.npmjs.org/zone.js/-/zone.js-0.14.10.tgz",
      "integrity": "sha512-YGAhaO7J5ywOXW6InXNlLmfU194F8lVgu7bRntUF3TiG8Y3nBK0x1UJJuHUP/e8IyihkjCYqhCScpSwnlaSRkQ==",
      "peer": true
    },
    "node_modules/@angular/forms": {
      "version": "18.2.13",
      "resolved": "https://registry.npmjs.org/@angular/forms/-/forms-18.2.13.tgz",
      "integrity": "sha512-A67D867fu3DSBhdLWWZl/F5pr7v2+dRM2u3U7ZJ0ewh4a+sv+0yqWdJW+a8xIoiHxS+btGEJL2qAKJiH+MCFfg==",
      "peerDependencies": {
        "@angular/common": "18.2.13",
        "@angular/core": "18.2.13",
        "@angular/platform-browser": "18.2.13",
        "rxjs": "^6.5.3 || ^7.4.0"
      },
      "engines": {
        "node": "^18.19.1 || ^20.11.1 || >=22.0.0"
      },
      "dependencies": {
        "tslib": "^2.3.0"
      }
    },
    "node_modules/regenerator-runtime": {
      "version": "0.14.1",
      "resolved": "https://registry.npmjs.org/regenerator-runtime/-/regenerator-runtime-0.14.1.tgz",
      "integrity": "sha512-dYnhHh0nJoMfnkZs6GmmhFknAGRrLznOu5nc9ML+EJxGvrx6H7teuevqVqCuPcPK//3eDrrjQhehXVx9cnkGdw==",
      "peer": true
    },
    "node_modules/source-map-support": {
      "version": "0.5.21",
      "resolved": "https://registry.npmjs.org/source-map-support/-/source-map-support-0.5.21.tgz",
      "integrity": "sha512-uBHU3L3czsIyYXKX88fdrGovxdSCoTGDRZ6SYXtSRxLZUzHg5P/66Ht6uoUlHu9EZod+inXhKo3qQgwXUT/y1w==",
      "dev": true,
      "dependencies": {
        "buffer-from": "^1.0.0",
        "source-map": "^0.6.0"
      }
    },
    "node_modules/@fortawesome/fontawesome-svg-core": {
      "version": "6.7.1",
      "resolved": "https://npm.fontawesome.com/@fortawesome/fontawesome-svg-core/-/6.7.1/fontawesome-svg-core-6.7.1.tgz",
      "integrity": "sha512-8dBIHbfsKlCk2jHQ9PoRBg2Z+4TwyE3vZICSnoDlnsHA6SiMlTwfmW6yX0lHsRmWJugkeb92sA0hZdkXJhuz+g==",
      "peer": true,
      "dependencies": {
        "@fortawesome/fontawesome-common-types": "6.7.1"
      },
      "engines": {
        "node": ">=6"
      }
    },
    "node_modules/ngx-colors": {
      "version": "3.6.0",
      "resolved": "https://registry.npmjs.org/ngx-colors/-/ngx-colors-3.6.0.tgz",
      "integrity": "sha512-jPFzosd7t7YHKqKTBbOxdAF67aevBTiv0UdS0i7umWQMdMfi0lwcNTrL8XLhW2YbIpy98r54zWgc0iZH5FpiZA==",
      "peer": true,
      "dependencies": {
        "tslib": "^2.0.0"
      },
      "peerDependencies": {
        "@angular/animations": ">=15.0.0",
        "@angular/common": ">=15.0.0",
        "@angular/core": ">=15.0.0",
        "@angular/forms": ">=15.0.0"
      }
    },
    "node_modules/smooth-scrollbar": {
      "version": "8.8.4",
      "resolved": "https://registry.npmjs.org/smooth-scrollbar/-/smooth-scrollbar-8.8.4.tgz",
      "integrity": "sha512-Wn2Q/iE+PE1ef4EfhFMhgaIMfSrjJl2LalRu0hBWSrw5nZKGsUIjWFWHnLB/Lpx7N+a1pJH6+wkQzBr+5nWPUg==",
      "peer": true,
      "dependencies": {
        "core-js": "^3.6.4",
        "tslib": "^1.10.0"
      }
    },
    "node_modules/@angular/platform-browser": {
      "version": "18.2.13",
      "resolved": "https://registry.npmjs.org/@angular/platform-browser/-/platform-browser-18.2.13.tgz",
      "integrity": "sha512-tu7ZzY6qD3ATdWFzcTcsAKe7M6cJeWbT/4/bF9unyGO3XBPcNYDKoiz10+7ap2PUd0fmPwvuvTvSNJiFEBnB8Q==",
      "dependencies": {
        "tslib": "^2.3.0"
      },
      "engines": {
        "node": "^18.19.1 || ^20.11.1 || >=22.0.0"
      },
      "peerDependencies": {
        "@angular/animations": "18.2.13",
        "@angular/common": "18.2.13",
        "@angular/core": "18.2.13"
      },
      "peerDependenciesMeta": {
        "@angular/animations": {
          "optional": true
        }
      }
    },
    "node_modules/moment": {
      "version": "2.30.1",
      "resolved": "https://registry.npmjs.org/moment/-/moment-2.30.1.tgz",
      "integrity": "sha512-uEmtNhbDOrWPFS+hdjFCBfy9f2YoyzRpwcl+DqpC6taX21FzsTLQVbMV/W7PzNSX6x/bhC1zA3c2UQ5NzH6how==",
      "engines": {
        "node": "*"
      }
    },
    "node_modules/@4sellers/angular-material-components-datetime-picker": {
      "version": "18.0.1",
      "resolved": "https://registry.npmjs.org/@4sellers/angular-material-components-datetime-picker/-/angular-material-components-datetime-picker-18.0.1.tgz",
      "integrity": "sha512-3UlJWfPldh3BnUhdBSQVIoyXBYbKjI5+n6Ps80zr/+7zHNiKZNocV8ikUNg4bI6Iu1r8eSwbSoLh39Vo1MtQng==",
      "peer": true,
      "dependencies": {
        "tslib": "^2.3.0"
      },
      "peerDependencies": {
        "@angular/cdk": "^18.2.1",
        "@angular/common": "^18.2.1",
        "@angular/core": "^18.2.1",
        "@angular/forms": "^18.2.1",
        "@angular/material": "^18.2.1",
        "@angular/platform-browser": "^18.2.1"
      }
    },
    "node_modules/@angulartoolsdr/control-material": {
      "version": "18.2.0",
      "resolved": "https://registry.npmjs.org/@angulartoolsdr/control-material/-/control-material-18.2.0.tgz",
      "integrity": "sha512-j+Y+KS/DIlLgbMq+BvPffZsKgCd+8H1Sn/mDzcCTV8qO0Gzs4HuDZks/Zhx7yXnIP9CAXAnWqXSRFwN9XK1SoA==",
      "peer": true,
      "dependencies": {
        "@4sellers/angular-material-components-datetime-picker": "^18.0.1",
        "@angular/animations": "^18.2.12",
        "@angular/core": "^18.2.12",
        "@angular/forms": "^18.2.12",
        "@angular/material": "^18.2.12",
        "@angular/material-moment-adapter": "^18.2.14",
        "@angulartoolsdr/shared-utils": "^0.0.4",
        "moment": "^2.30.1",
        "ngx-toastr": "^19.0.0",
        "tslib": "^2.3.0"
      },
      "peerDependencies": {
        "@angular/common": "^18.2.12",
        "@fortawesome/fontawesome-svg-core": "^6.6.0",
        "@fortawesome/pro-solid-svg-icons": "^6.6.0",
        "angular-imask": "^7.6.1",
        "libphonenumber-js": "^1.11.12",
        "ngx-colors": "^3.6.0"
      }
    },
    "node_modules/buffer-from": {
      "version": "1.1.2",
      "resolved": "https://registry.npmjs.org/buffer-from/-/buffer-from-1.1.2.tgz",
      "integrity": "sha512-E+XQCRwSbaaiChtv6k6Dwgc+bx+Bs6vuKJHHl5kox/BaKbhiXzqQOwK4cO22yElGp2OCmjwVhT3HmxgyPGnJfQ==",
      "dev": true
    },
    "node_modules/@babel/runtime-corejs3": {
      "version": "7.26.0",
      "resolved": "https://registry.npmjs.org/@babel/runtime-corejs3/-/runtime-corejs3-7.26.0.tgz",
      "integrity": "sha512-YXHu5lN8kJCb1LOb9PgV6pvak43X2h4HvRApcN5SdWeaItQOzfn1hgP6jasD6KWQyJDBxrVmA9o9OivlnNJK/w==",
      "peer": true,
      "dependencies": {
        "core-js-pure": "^3.30.2",
        "regenerator-runtime": "^0.14.0"
      },
      "engines": {
        "node": ">=6.9.0"
      }
    },
    "node_modules/@angular/core": {
      "version": "18.2.13",
      "resolved": "https://registry.npmjs.org/@angular/core/-/core-18.2.13.tgz",
      "integrity": "sha512-8mbWHMgO95OuFV1Ejy4oKmbe9NOJ3WazQf/f7wks8Bck7pcihd0IKhlPBNjFllbF5o+04EYSwFhEtvEgjMDClA==",
      "peer": true,
      "dependencies": {
        "tslib": "^2.3.0"
      },
      "engines": {
        "node": "^18.19.1 || ^20.11.1 || >=22.0.0"
      },
      "peerDependencies": {
        "rxjs": "^6.5.3 || ^7.4.0",
        "zone.js": "~0.14.10"
      }
    },
    "node_modules/@angular/material": {
      "version": "18.2.14",
      "resolved": "https://registry.npmjs.org/@angular/material/-/material-18.2.14.tgz",
      "integrity": "sha512-28pxzJP49Mymt664WnCtPkKeg7kXUsQKTKGf/Kl95rNTEdTJLbnlcc8wV0rT0yQNR7kXgpfBnG7h0ETLv/iu5Q==",
      "peer": true,
      "dependencies": {
        "tslib": "^2.3.0"
      },
      "peerDependencies": {
        "@angular/animations": "^18.0.0 || ^19.0.0",
        "@angular/cdk": "18.2.14",
        "@angular/common": "^18.0.0 || ^19.0.0",
        "@angular/core": "^18.0.0 || ^19.0.0",
        "@angular/forms": "^18.0.0 || ^19.0.0",
        "@angular/platform-browser": "^18.0.0 || ^19.0.0",
        "rxjs": "^6.5.3 || ^7.4.0"
      }
    },
    "node_modules/core-js": {
      "version": "3.39.0",
      "resolved": "https://registry.npmjs.org/core-js/-/core-js-3.39.0.tgz",
      "integrity": "sha512-raM0ew0/jJUqkJ0E6e8UDtl+y/7ktFivgWvqw8dNSQeNWoSDLvQ1H/RN3aPXB9tBd4/FhyR4RDPGhsNIMsAn7g==",
      "hasInstallScript": true,
      "peer": true,
      "funding": {
        "type": "opencollective",
        "url": "https://opencollective.com/core-js"
      }
    },
    "node_modules/@angulartoolsdr/shared-utils": {
      "version": "0.0.4",
      "resolved": "https://registry.npmjs.org/@angulartoolsdr/shared-utils/-/shared-utils-0.0.4.tgz",
      "integrity": "sha512-tc/vjGrbPFHhYwhHRrqt/yPE1hiEHA/IZBCkMkoPQkJQlJtcove8zopb3WviRGpSpEJ2tjBv/dW2dknroJ4LEQ==",
      "peer": true,
      "dependencies": {
        "imask": "^7.6.1",
        "smooth-scrollbar": "^8.8.4",
        "sweetalert2": "^11.14.5",
        "tslib": "^2.3.0"
      },
      "peerDependencies": {
        "@angular/common": "^18.2.0",
        "@angular/core": "^18.2.0"
      }
    },
    "node_modules/smooth-scrollbar/node_modules/tslib": {
      "version": "1.14.1",
      "resolved": "https://registry.npmjs.org/tslib/-/tslib-1.14.1.tgz",
      "integrity": "sha512-Xni35NKzjgMrwevysHTCArtLDpPvye8zV/0E4EyYn43P7/7qvQwPh9BGkHewbMulVntbigmcT7rdX3BNo9wRJg==",
      "peer": true
    },
    "node_modules/npm-force-resolutions": {
      "version": "0.0.10",
      "resolved": "https://registry.npmjs.org/npm-force-resolutions/-/npm-force-resolutions-0.0.10.tgz",
      "integrity": "sha512-Jscex+xIU6tw3VsyrwxM1TeT+dd9Fd3UOMAjy6J1TMpuYeEqg4LQZnATQO5vjPrsARm3und6zc6Dii/GUyRE5A==",
      "dev": true,
      "dependencies": {
        "json-format": "^1.0.1",
        "source-map-support": "^0.5.5",
        "xmlhttprequest": "^1.8.0"
      },
      "bin": {
        "npm-force-resolutions": "index.js"
      }
    },
    "node_modules/@fortawesome/pro-solid-svg-icons": {
      "version": "6.7.1",
      "resolved": "https://npm.fontawesome.com/@fortawesome/pro-solid-svg-icons/-/6.7.1/pro-solid-svg-icons-6.7.1.tgz",
      "integrity": "sha512-YMehuODXC+puZRJigjfB+hwCeiUsfEfiDXJV0W1iSbrqX9xBbDl0Ovbnai3EUlwIVWpgfoWew6Cx207wwVAEnA==",
      "peer": true,
      "dependencies": {
        "@fortawesome/fontawesome-common-types": "6.7.1"
      },
      "engines": {
        "node": ">=6"
      }
    },
    "node_modules/tslib": {
      "version": "2.8.1",
      "resolved": "https://registry.npmjs.org/tslib/-/tslib-2.8.1.tgz",
      "integrity": "sha512-oJFu94HQb+KVduSUQL7wnpmqnfmLsOA/nAh6b6EH0wCEoK0/mPeXU6c3wKDV83MkOuHPRHtSXKKU99IBazS/2w=="
    },
    "node_modules/parse5": {
      "version": "7.2.1",
      "resolved": "https://registry.npmjs.org/parse5/-/parse5-7.2.1.tgz",
      "integrity": "sha512-BuBYQYlv1ckiPdQi/ohiivi9Sagc9JG+Ozs0r7b/0iK3sKmrb0b9FdWdBbOdx6hBCM/F9Ir82ofnBhtZOjCRPQ==",
      "optional": true,
      "peer": true,
      "dependencies": {
        "entities": "^4.5.0"
      },
      "funding": {
        "url": "https://github.com/inikulin/parse5?sponsor=1"
      }
    },
    "node_modules/@angular/common": {
      "version": "18.2.13",
      "resolved": "https://registry.npmjs.org/@angular/common/-/common-18.2.13.tgz",
      "integrity": "sha512-4ZqrNp1PoZo7VNvW+sbSc2CB2axP1sCH2wXl8B0wdjsj8JY1hF1OhuugwhpAHtGxqewed2kCXayE+ZJqSTV4jw==",
      "peer": true,
      "dependencies": {
        "tslib": "^2.3.0"
      },
      "engines": {
        "node": "^18.19.1 || ^20.11.1 || >=22.0.0"
      },
      "peerDependencies": {
        "@angular/core": "18.2.13",
        "rxjs": "^6.5.3 || ^7.4.0"
      }
    },
    "node_modules/imask": {
      "version": "7.6.1",
      "resolved": "https://registry.npmjs.org/imask/-/imask-7.6.1.tgz",
      "integrity": "sha512-sJlIFM7eathUEMChTh9Mrfw/IgiWgJqBKq2VNbyXvBZ7ev/IlO6/KQTKlV/Fm+viQMLrFLG/zCuudrLIwgK2dg==",
      "peer": true,
      "dependencies": {
        "@babel/runtime-corejs3": "^7.24.4"
      },
      "engines": {
        "npm": ">=4.0.0"
      }
    },
    "node_modules/@angular/cdk": {
      "version": "18.2.14",
      "resolved": "https://registry.npmjs.org/@angular/cdk/-/cdk-18.2.14.tgz",
      "integrity": "sha512-vDyOh1lwjfVk9OqoroZAP8pf3xxKUvyl+TVR8nJxL4c5fOfUFkD7l94HaanqKSRwJcI2xiztuu92IVoHn8T33Q==",
      "peer": true,
      "dependencies": {
        "tslib": "^2.3.0"
      },
      "optionalDependencies": {
        "parse5": "^7.1.2"
      },
      "peerDependencies": {
        "@angular/common": "^18.0.0 || ^19.0.0",
        "@angular/core": "^18.0.0 || ^19.0.0",
        "rxjs": "^6.5.3 || ^7.4.0"
      }
    }
  }
}