{
  "name": "@angulartoolsdr/date-filter",
  "version": "19.1.1",
  "lockfileVersion": 3,
  "requires": true,
  "packages": {
    "": {
      "name": "@angulartoolsdr/date-filter",
      "version": "19.1.1",
      "hasInstallScript": true,
      "dependencies": {
        "@angular/animations": "^19.1.3",
        "@angular/forms": "^19.1.3",
        "@angular/platform-browser": "^19.1.3",
        "@angulartoolsdr/control-material": "file:../../dist/control-material",
        "moment": "^2.30.1",
        "ngx-toastr": "^19.0.0",
        "tslib": "^2.3.0"
      },
      "devDependencies": {
        "npm-force-resolutions": "^0.0.10"
      },
      "peerDependencies": {
        "@angular/common": "^19.1.3",
        "@angular/core": "^19.1.3",
        "@angular/forms": "^19.1.3",
        "@angular/material": "^19.1.1",
        "@angulartoolsdr/translation": "file:../../dist/translation"
      }
    },
    "node_modules/rxjs": {
      "version": "7.8.1",
      "resolved": "https://registry.npmjs.org/rxjs/-/rxjs-7.8.1.tgz",
      "integrity": "sha512-AA3TVj+0A2iuIoQkWEK/tqFjBq2j+6PO6Y0zJcvzLAFhEFIO3HL0vls9hWLncZbAAbK0mar7oZ4V079I/qPMxg==",
      "peer": true,
      "dependencies": {
        "tslib": "^2.1.0"
      }
    },
    "../../dist/translation": {
      "version": "19.1.0",
      "peer": true,
      "dependencies": {
        "tslib": "^2.3.0"
      },
      "peerDependencies": {
        "@angular/common": "^19.1.3",
        "@angular/core": "^19.1.3"
      }
    },
    "node_modules/entities": {
      "version": "4.5.0",
      "resolved": "https://registry.npmjs.org/entities/-/entities-4.5.0.tgz",
      "integrity": "sha512-V0hjH4dGPh9Ao5p0MoRY6BVqtwCjhz6vI5LT8AJ55H+4g9/4vbHx1I54fS0XuclLhDHArPQCiMjDxjaL8fPxhw==",
      "optional": true,
      "peer": true,
      "engines": {
        "node": ">=0.12"
      },
      "funding": {
        "url": "https://github.com/fb55/entities?sponsor=1"
      }
    },
    "node_modules/@angulartoolsdr/translation": {
      "resolved": "../../dist/translation",
      "link": true
    },
    "node_modules/@angular/animations": {
      "version": "19.1.4",
      "resolved": "https://registry.npmjs.org/@angular/animations/-/animations-19.1.4.tgz",
      "integrity": "sha512-QGswsf/X+k7TijIgBzL6V8+KcArFAgebY6zM0L/Len8v5PNzPzdjJH99+P++5AOLiJctYKfISUwnlMbDb50NrA==",
      "dependencies": {
        "tslib": "^2.3.0"
      },
      "engines": {
        "node": "^18.19.1 || ^20.11.1 || >=22.0.0"
      },
      "peerDependencies": {
        "@angular/core": "19.1.4"
      }
    },
    "node_modules/ngx-toastr": {
      "version": "19.0.0",
      "resolved": "https://registry.npmjs.org/ngx-toastr/-/ngx-toastr-19.0.0.tgz",
      "integrity": "sha512-6pTnktwwWD+kx342wuMOWB4+bkyX9221pAgGz3SHOJH0/MI9erLucS8PeeJDFwbUYyh75nQ6AzVtolgHxi52dQ==",
      "dependencies": {
        "tslib": "^2.3.0"
      },
      "peerDependencies": {
        "@angular/common": ">=16.0.0-0",
        "@angular/core": ">=16.0.0-0",
        "@angular/platform-browser": ">=16.0.0-0"
      }
    },
    "node_modules/source-map": {
      "version": "0.6.1",
      "resolved": "https://registry.npmjs.org/source-map/-/source-map-0.6.1.tgz",
      "integrity": "sha512-UjgapumWlbMhkBgzT7Ykc5YXUT46F0iKu8SGXq0bcwP5dz/h0Plj6enJqjz1Zbq2l5WaqYnrVbwWOWMyF3F47g==",
      "dev": true,
      "engines": {
        "node": ">=0.10.0"
      }
    },
    "node_modules/json-format": {
      "version": "1.0.1",
      "resolved": "https://registry.npmjs.org/json-format/-/json-format-1.0.1.tgz",
      "integrity": "sha512-MoKIg/lBeQALqjYnqEanikfo3zBKRwclpXJexdF0FUniYAAN2ypEIXBEtpQb+9BkLFtDK1fyTLAsnGlyGfLGxw==",
      "dev": true
    },
    "node_modules/xmlhttprequest": {
      "version": "1.8.0",
      "resolved": "https://registry.npmjs.org/xmlhttprequest/-/xmlhttprequest-1.8.0.tgz",
      "integrity": "sha512-58Im/U0mlVBLM38NdZjHyhuMtCqa61469k2YP/AaPbvCoV9aQGUpbJBj1QRm2ytRiVQBD/fsw7L2bJGDVQswBA==",
      "dev": true,
      "engines": {
        "node": ">=0.4.0"
      }
    },
    "node_modules/zone.js": {
      "version": "0.15.0",
      "resolved": "https://registry.npmjs.org/zone.js/-/zone.js-0.15.0.tgz",
      "integrity": "sha512-9oxn0IIjbCZkJ67L+LkhYWRyAy7axphb3VgE2MBDlOqnmHMPWGYMxJxBYFueFq/JGY2GMwS0rU+UCLunEmy5UA==",
      "peer": true
    },
    "node_modules/@angular/forms": {
      "version": "18.2.13",
      "resolved": "https://registry.npmjs.org/@angular/forms/-/forms-18.2.13.tgz",
      "integrity": "sha512-A67D867fu3DSBhdLWWZl/F5pr7v2+dRM2u3U7ZJ0ewh4a+sv+0yqWdJW+a8xIoiHxS+btGEJL2qAKJiH+MCFfg==",
      "peerDependencies": {
        "@angular/common": "19.1.4",
        "@angular/core": "19.1.4",
        "@angular/platform-browser": "19.1.4",
        "rxjs": "^6.5.3 || ^7.4.0"
      },
      "engines": {
        "node": "^18.19.1 || ^20.11.1 || >=22.0.0"
      },
      "dependencies": {
        "tslib": "^2.3.0"
      }
    },
    "node_modules/source-map-support": {
      "version": "0.5.21",
      "resolved": "https://registry.npmjs.org/source-map-support/-/source-map-support-0.5.21.tgz",
      "integrity": "sha512-uBHU3L3czsIyYXKX88fdrGovxdSCoTGDRZ6SYXtSRxLZUzHg5P/66Ht6uoUlHu9EZod+inXhKo3qQgwXUT/y1w==",
      "dev": true,
      "dependencies": {
        "buffer-from": "^1.0.0",
        "source-map": "^0.6.0"
      }
    },
    "node_modules/@angular/platform-browser": {
      "version": "19.1.4",
      "resolved": "https://registry.npmjs.org/@angular/platform-browser/-/platform-browser-19.1.4.tgz",
      "integrity": "sha512-IoVIvemj7ni6GLDCvwtZhTgMQjPyG+xPW7rASN2RVl9T3uS1fJUpXrh5JzBcCikIj20O2KV9mqt7p4iIXy9jbQ==",
      "dependencies": {
        "tslib": "^2.3.0"
      },
      "engines": {
        "node": "^18.19.1 || ^20.11.1 || >=22.0.0"
      },
      "peerDependencies": {
        "@angular/animations": "19.1.4",
        "@angular/common": "19.1.4",
        "@angular/core": "19.1.4"
      },
      "peerDependenciesMeta": {
        "@angular/animations": {
          "optional": true
        }
      }
    },
    "node_modules/moment": {
      "version": "2.30.1",
      "resolved": "https://registry.npmjs.org/moment/-/moment-2.30.1.tgz",
      "integrity": "sha512-uEmtNhbDOrWPFS+hdjFCBfy9f2YoyzRpwcl+DqpC6taX21FzsTLQVbMV/W7PzNSX6x/bhC1zA3c2UQ5NzH6how==",
      "engines": {
        "node": "*"
      }
    },
    "node_modules/@angulartoolsdr/control-material": {
      "resolved": "../../dist/control-material",
      "link": true
    },
    "node_modules/buffer-from": {
      "version": "1.1.2",
      "resolved": "https://registry.npmjs.org/buffer-from/-/buffer-from-1.1.2.tgz",
      "integrity": "sha512-E+XQCRwSbaaiChtv6k6Dwgc+bx+Bs6vuKJHHl5kox/BaKbhiXzqQOwK4cO22yElGp2OCmjwVhT3HmxgyPGnJfQ==",
      "dev": true
    },
    "node_modules/@angular/core": {
      "version": "19.1.4",
      "resolved": "https://registry.npmjs.org/@angular/core/-/core-19.1.4.tgz",
      "integrity": "sha512-r3T81lM9evmuW36HA3VAxIJ61M8kirGR8yHoln9fXSnYG8UeJ7JlWEbVRHmVHKOB48VK0bS/VxqN+w9TOq3bZg==",
      "peer": true,
      "dependencies": {
        "tslib": "^2.3.0"
      },
      "engines": {
        "node": "^18.19.1 || ^20.11.1 || >=22.0.0"
      },
      "peerDependencies": {
        "rxjs": "^6.5.3 || ^7.4.0",
        "zone.js": "~0.15.0"
      }
    },
    "node_modules/@angular/material": {
      "version": "19.1.2",
      "resolved": "https://registry.npmjs.org/@angular/material/-/material-19.1.2.tgz",
      "integrity": "sha512-MdczdTmvsXLtEFV9nTgFs9mPM1FSAz4L1kByJCdIgHtOu62e9t2XcSUqOPJTlDrA5wWafZvPWh2woJfJr4iwjw==",
      "peer": true,
      "dependencies": {
        "tslib": "^2.3.0"
      },
      "peerDependencies": {
        "@angular/animations": "^19.0.0 || ^20.0.0",
        "@angular/cdk": "19.1.2",
        "@angular/common": "^19.0.0 || ^20.0.0",
        "@angular/core": "^19.0.0 || ^20.0.0",
        "@angular/forms": "^19.0.0 || ^20.0.0",
        "@angular/platform-browser": "^19.0.0 || ^20.0.0",
        "rxjs": "^6.5.3 || ^7.4.0"
      }
    },
    "node_modules/npm-force-resolutions": {
      "version": "0.0.10",
      "resolved": "https://registry.npmjs.org/npm-force-resolutions/-/npm-force-resolutions-0.0.10.tgz",
      "integrity": "sha512-Jscex+xIU6tw3VsyrwxM1TeT+dd9Fd3UOMAjy6J1TMpuYeEqg4LQZnATQO5vjPrsARm3und6zc6Dii/GUyRE5A==",
      "dev": true,
      "dependencies": {
        "json-format": "^1.0.1",
        "source-map-support": "^0.5.5",
        "xmlhttprequest": "^1.8.0"
      },
      "bin": {
        "npm-force-resolutions": "index.js"
      }
    },
    "node_modules/tslib": {
      "version": "2.8.1",
      "resolved": "https://registry.npmjs.org/tslib/-/tslib-2.8.1.tgz",
      "integrity": "sha512-oJFu94HQb+KVduSUQL7wnpmqnfmLsOA/nAh6b6EH0wCEoK0/mPeXU6c3wKDV83MkOuHPRHtSXKKU99IBazS/2w=="
    },
    "node_modules/parse5": {
      "version": "7.2.1",
      "resolved": "https://registry.npmjs.org/parse5/-/parse5-7.2.1.tgz",
      "integrity": "sha512-BuBYQYlv1ckiPdQi/ohiivi9Sagc9JG+Ozs0r7b/0iK3sKmrb0b9FdWdBbOdx6hBCM/F9Ir82ofnBhtZOjCRPQ==",
      "optional": true,
      "peer": true,
      "dependencies": {
        "entities": "^4.5.0"
      },
      "funding": {
        "url": "https://github.com/inikulin/parse5?sponsor=1"
      }
    },
    "node_modules/@angular/common": {
      "version": "19.1.4",
      "resolved": "https://registry.npmjs.org/@angular/common/-/common-19.1.4.tgz",
      "integrity": "sha512-E4MCl13VIotOxmzKQ/UGciPeaRXQgH7ymesEjYVGcT8jmC+qz5dEcoN7L5Jvq9aUsmLBt9MFp/B5QqKCIXMqYA==",
      "peer": true,
      "dependencies": {
        "tslib": "^2.3.0"
      },
      "engines": {
        "node": "^18.19.1 || ^20.11.1 || >=22.0.0"
      },
      "peerDependencies": {
        "@angular/core": "19.1.4",
        "rxjs": "^6.5.3 || ^7.4.0"
      }
    },
    "../../dist/control-material": {
      "version": "19.1.1",
      "dependencies": {
        "@angular/animations": "^19.1.3",
        "@angular/core": "^19.1.3",
        "@angular/forms": "^19.1.3",
        "@angular/material": "^19.1.1",
        "@angular/material-moment-adapter": "^19.1.1",
        "@angulartoolsdr/shared-utils": "file:../../dist/shared-utils",
        "@katyan/datetime-picker": "^19.0.0",
        "@ngxmc/moment-adapter": "^19.1.0",
        "moment": "^2.30.1",
        "ngx-toastr": "^19.0.0",
        "tslib": "^2.3.0"
      },
      "peerDependencies": {
        "@angular/common": "^19.1.3",
        "@angulartoolsdr/translation": "file:../../dist/translation",
        "@fortawesome/fontawesome-svg-core": "^6.7.2",
        "@fortawesome/pro-solid-svg-icons": "^6.7.2",
        "@katyan/datetime-picker": "^19.0.0",
        "angular-imask": "^7.6.1",
        "libphonenumber-js": "^1.11.18",
        "ngx-colors": "^3.6.0"
      }
    },
    "node_modules/@angular/cdk": {
      "version": "19.1.2",
      "resolved": "https://registry.npmjs.org/@angular/cdk/-/cdk-19.1.2.tgz",
      "integrity": "sha512-rzrZ4BkGNIZWSdw0OsuSB/H9UB5ppPvmBq+uRHdYmZoYjo5wu1pmePxAIZDIBR8xdaNy9rZ4ecS6IebDkgYPrg==",
      "peer": true,
      "dependencies": {
        "tslib": "^2.3.0"
      },
      "optionalDependencies": {
        "parse5": "^7.1.2"
      },
      "peerDependencies": {
        "@angular/common": "^19.0.0 || ^20.0.0",
        "@angular/core": "^19.0.0 || ^20.0.0",
        "rxjs": "^6.5.3 || ^7.4.0"
      }
    }
  }
}